
Microsoft Visual Studio Solution File, Format Version 12.00
# Visual Studio Version 16
VisualStudioVersion = 16.0.31112.23
MinimumVisualStudioVersion = 10.0.40219.1
Project("{FAE04EC0-301F-11D3-BF4B-00C04F79EFBC}") = "MyMarket", "MyMarket.csproj", "{47B9B386-E74F-487D-9552-40918CA8DF36}"
EndProject
Global
	GlobalSection(SolutionConfigurationPlatforms) = preSolution
		Debug|Any CPU = Debug|Any CPU
		Release|Any CPU = Release|Any CPU
	EndGlobalSection
	GlobalSection(ProjectConfigurationPlatforms) = postSolution
		{47B9B386-E74F-487D-9552-40918CA8DF36}.Debug|Any CPU.ActiveCfg = Debug|Any CPU
		{47B9B386-E74F-487D-9552-40918CA8DF36}.Debug|Any CPU.Build.0 = Debug|Any CPU
		{47B9B386-E74F-487D-9552-40918CA8DF36}.Release|Any CPU.ActiveCfg = Release|Any CPU
		{47B9B386-E74F-487D-9552-40918CA8DF36}.Release|Any CPU.Build.0 = Release|Any CPU
	EndGlobalSection
	GlobalSection(SolutionProperties) = preSolution
		HideSolutionNode = FALSE
	EndGlobalSection
	GlobalSection(ExtensibilityGlobals) = postSolution
		SolutionGuid = {B6C3D874-323C-458E-BC78-EEF5B75602EB}
	EndGlobalSection
EndGlobal
